
Microsoft Visual Studio Solution File, Format Version 12.00
# Visual Studio Version 17
VisualStudioVersion = 17.8.34330.188
MinimumVisualStudioVersion = 10.0.40219.1
Project("{FAE04EC0-301F-11D3-BF4B-00C04F79EFBC}") = "WebApplication1", "WebApplication1\WebApplication1.csproj", "{FE1024F9-50B0-4A9A-AAC9-1C54290C44F1}"
EndProject
Global
	GlobalSection(SolutionConfigurationPlatforms) = preSolution
		Debug|Any CPU = Debug|Any CPU
		Release|Any CPU = Release|Any CPU
	EndGlobalSection
	GlobalSection(ProjectConfigurationPlatforms) = postSolution
		{FE1024F9-50B0-4A9A-AAC9-1C54290C44F1}.Debug|Any CPU.ActiveCfg = Debug|Any CPU
		{FE1024F9-50B0-4A9A-AAC9-1C54290C44F1}.Debug|Any CPU.Build.0 = Debug|Any CPU
		{FE1024F9-50B0-4A9A-AAC9-1C54290C44F1}.Release|Any CPU.ActiveCfg = Release|Any CPU
		{FE1024F9-50B0-4A9A-AAC9-1C54290C44F1}.Release|Any CPU.Build.0 = Release|Any CPU
	EndGlobalSection
	GlobalSection(SolutionProperties) = preSolution
		HideSolutionNode = FALSE
	EndGlobalSection
	GlobalSection(ExtensibilityGlobals) = postSolution
		SolutionGuid = {EA4EBA42-33A6-4E0A-B831-E28C7CC899E8}
	EndGlobalSection
EndGlobal
